<?xml version="1.0" encoding="utf-8"?>
<Project ToolsVersion="4.0" xmlns="http://schemas.microsoft.com/developer/msbuild/2003">
  <ItemGroup>
    <Filter Include="源文件">
      <UniqueIdentifier>{4FC737F1-C7A5-4376-A066-2A32D752A2FF}</UniqueIdentifier>
      <Extensions>cpp;c;cc;cxx;def;odl;idl;hpj;bat;asm;asmx</Extensions>
    </Filter>
    <Filter Include="头文件">
      <UniqueIdentifier>{93995380-89BD-4b04-88EB-625FBE52EBFB}</UniqueIdentifier>
      <Extensions>h;hh;hpp;hxx;hm;inl;inc;xsd</Extensions>
    </Filter>
    <Filter Include="资源文件">
      <UniqueIdentifier>{67DA6AB6-F800-4c08-8B7A-83BB121AAD01}</UniqueIdentifier>
      <Extensions>rc;ico;cur;bmp;dlg;rc2;rct;bin;rgs;gif;jpg;jpeg;jpe;resx;tiff;tif;png;wav;mfcribbon-ms</Extensions>
    </Filter>
    <Filter Include="头文件\Render">
      <UniqueIdentifier>{cb2cfe05-f2c8-46e5-a7fa-78402d728b3e}</UniqueIdentifier>
    </Filter>
    <Filter Include="头文件\External">
      <UniqueIdentifier>{2dc57b14-b156-4ce1-a0a0-59d1a5659248}</UniqueIdentifier>
    </Filter>
    <Filter Include="头文件\Base">
      <UniqueIdentifier>{1c27c308-89a6-44cf-8501-d34e2a600e23}</UniqueIdentifier>
    </Filter>
    <Filter Include="源文件\Engine">
      <UniqueIdentifier>{d979346d-3b3f-4620-b1f7-9d7f23c2b21c}</UniqueIdentifier>
    </Filter>
  </ItemGroup>
  <ItemGroup>
    <ClCompile Include="MyDemo.cpp">
      <Filter>源文件</Filter>
    </ClCompile>
    <ClCompile Include="BlendState.cpp">
      <Filter>源文件\Engine</Filter>
    </ClCompile>
    <ClCompile Include="Camera.cpp">
      <Filter>源文件\Engine</Filter>
    </ClCompile>
    <ClCompile Include="DepthStencilState.cpp">
      <Filter>源文件\Engine</Filter>
    </ClCompile>
    <ClCompile Include="DirectX11Game.cpp">
      <Filter>源文件\Engine</Filter>
    </ClCompile>
    <ClCompile Include="Effect.cpp">
      <Filter>源文件\Engine</Filter>
    </ClCompile>
    <ClCompile Include="Mesh.cpp">
      <Filter>源文件\Engine</Filter>
    </ClCompile>
    <ClCompile Include="RasterizerState.cpp">
      <Filter>源文件\Engine</Filter>
    </ClCompile>
    <ClCompile Include="Sprite.cpp">
      <Filter>源文件\Engine</Filter>
    </ClCompile>
    <ClCompile Include="SpriteFont.cpp">
      <Filter>源文件\Engine</Filter>
    </ClCompile>
    <ClCompile Include="Texture2D.cpp">
      <Filter>源文件\Engine</Filter>
    </ClCompile>
    <ClCompile Include="WinMain.cpp">
      <Filter>源文件\Engine</Filter>
    </ClCompile>
  </ItemGroup>
  <ItemGroup>
    <ClInclude Include="MyDemo.h">
      <Filter>头文件</Filter>
    </ClInclude>
    <ClInclude Include="Mesh.h">
      <Filter>头文件\Render</Filter>
    </ClInclude>
    <ClInclude Include="Effect.h">
      <Filter>头文件\Render</Filter>
    </ClInclude>
    <ClInclude Include="Vertex.h">
      <Filter>头文件\Render</Filter>
    </ClInclude>
    <ClInclude Include="rapidxml.hpp">
      <Filter>头文件\External</Filter>
    </ClInclude>
    <ClInclude Include="Game.h">
      <Filter>头文件\Base</Filter>
    </ClInclude>
    <ClInclude Include="cpu.hpp">
      <Filter>头文件\External</Filter>
    </ClInclude>
    <ClInclude Include="DirectX11Game.h">
      <Filter>头文件\Base</Filter>
    </ClInclude>
    <ClInclude Include="Delegate.h">
      <Filter>头文件\Base</Filter>
    </ClInclude>
    <ClInclude Include="Texture2D.h">
      <Filter>头文件\Render</Filter>
    </ClInclude>
    <ClInclude Include="Material.h">
      <Filter>头文件\Render</Filter>
    </ClInclude>
    <ClInclude Include="Model.h">
      <Filter>头文件\Render</Filter>
    </ClInclude>
    <ClInclude Include="Camera.h">
      <Filter>头文件\Render</Filter>
    </ClInclude>
    <ClInclude Include="Sprite.h">
      <Filter>头文件\Render</Filter>
    </ClInclude>
    <ClInclude Include="SpriteFont.h">
      <Filter>头文件\Render</Filter>
    </ClInclude>
    <ClInclude Include="State.h">
      <Filter>头文件\Render</Filter>
    </ClInclude>
    <ClInclude Include="Color.h">
      <Filter>头文件\Render</Filter>
    </ClInclude>
    <ClInclude Include="TextureCUBE.h">
      <Filter>头文件\Render</Filter>
    </ClInclude>
  </ItemGroup>
</Project>